
Microsoft Visual Studio Solution File, Format Version 12.00
# Visual Studio Version 16
VisualStudioVersion = 16.0.29503.13
MinimumVisualStudioVersion = 10.0.40219.1
Project("{9A19103F-16F7-4668-BE54-9A1E7A4F7556}") = "WebApi", "WebApi.csproj", "{9ABBB83A-CF4C-4BA3-BFBD-9AFCA797EE73}"
EndProject
Project("{9A19103F-16F7-4668-BE54-9A1E7A4F7556}") = "WebLib", "..\WebLib\WebLib.csproj", "{E4F145C8-840B-4168-9284-CF3F8CAFF802}"
EndProject
Project("{FAE04EC0-301F-11D3-BF4B-00C04F79EFBC}") = "XUnitWebApi", "..\XUnitWebApi\XUnitWebApi.csproj", "{FA67AC91-A9F4-4D8B-8277-4EFCD9CC3DCD}"
EndProject
Global
	GlobalSection(SolutionConfigurationPlatforms) = preSolution
		Debug|Any CPU = Debug|Any CPU
		Release|Any CPU = Release|Any CPU
	EndGlobalSection
	GlobalSection(ProjectConfigurationPlatforms) = postSolution
		{9ABBB83A-CF4C-4BA3-BFBD-9AFCA797EE73}.Debug|Any CPU.ActiveCfg = Debug|Any CPU
		{9ABBB83A-CF4C-4BA3-BFBD-9AFCA797EE73}.Debug|Any CPU.Build.0 = Debug|Any CPU
		{9ABBB83A-CF4C-4BA3-BFBD-9AFCA797EE73}.Release|Any CPU.ActiveCfg = Release|Any CPU
		{9ABBB83A-CF4C-4BA3-BFBD-9AFCA797EE73}.Release|Any CPU.Build.0 = Release|Any CPU
		{E4F145C8-840B-4168-9284-CF3F8CAFF802}.Debug|Any CPU.ActiveCfg = Debug|Any CPU
		{E4F145C8-840B-4168-9284-CF3F8CAFF802}.Debug|Any CPU.Build.0 = Debug|Any CPU
		{E4F145C8-840B-4168-9284-CF3F8CAFF802}.Release|Any CPU.ActiveCfg = Release|Any CPU
		{E4F145C8-840B-4168-9284-CF3F8CAFF802}.Release|Any CPU.Build.0 = Release|Any CPU
		{FA67AC91-A9F4-4D8B-8277-4EFCD9CC3DCD}.Debug|Any CPU.ActiveCfg = Debug|Any CPU
		{FA67AC91-A9F4-4D8B-8277-4EFCD9CC3DCD}.Debug|Any CPU.Build.0 = Debug|Any CPU
		{FA67AC91-A9F4-4D8B-8277-4EFCD9CC3DCD}.Release|Any CPU.ActiveCfg = Release|Any CPU
		{FA67AC91-A9F4-4D8B-8277-4EFCD9CC3DCD}.Release|Any CPU.Build.0 = Release|Any CPU
	EndGlobalSection
	GlobalSection(SolutionProperties) = preSolution
		HideSolutionNode = FALSE
	EndGlobalSection
	GlobalSection(ExtensibilityGlobals) = postSolution
		SolutionGuid = {A1363CFC-9180-42B9-9753-CE12BF5C363B}
	EndGlobalSection
EndGlobal
